
Microsoft Visual Studio Solution File, Format Version 12.00
# Visual Studio Version 16
VisualStudioVersion = 16.0.32510.428
MinimumVisualStudioVersion = 10.0.40219.1
Project("{FAE04EC0-301F-11D3-BF4B-00C04F79EFBC}") = "Cs_tamogochi_hw_12", "Cs_tamogochi_hw_12\Cs_tamogochi_hw_12.csproj", "{EB635CAC-8FB6-43FF-B027-FEA85FBF0B32}"
EndProject
Global
	GlobalSection(SolutionConfigurationPlatforms) = preSolution
		Debug|Any CPU = Debug|Any CPU
		Release|Any CPU = Release|Any CPU
	EndGlobalSection
	GlobalSection(ProjectConfigurationPlatforms) = postSolution
		{EB635CAC-8FB6-43FF-B027-FEA85FBF0B32}.Debug|Any CPU.ActiveCfg = Debug|Any CPU
		{EB635CAC-8FB6-43FF-B027-FEA85FBF0B32}.Debug|Any CPU.Build.0 = Debug|Any CPU
		{EB635CAC-8FB6-43FF-B027-FEA85FBF0B32}.Release|Any CPU.ActiveCfg = Release|Any CPU
		{EB635CAC-8FB6-43FF-B027-FEA85FBF0B32}.Release|Any CPU.Build.0 = Release|Any CPU
	EndGlobalSection
	GlobalSection(SolutionProperties) = preSolution
		HideSolutionNode = FALSE
	EndGlobalSection
	GlobalSection(ExtensibilityGlobals) = postSolution
		SolutionGuid = {2B180F7F-1372-493E-ADEF-6A30C2184C92}
	EndGlobalSection
EndGlobal
